# This file is automatically @generated by Cargo.
# It is not intended for manual editing.
version = 4

[[package]]
name = "bytes"
version = "1.9.0"
source = "git+https://github.com/tokio-rs/bytes.git#f7072c9267f1058f5dd2ef4273e2a91f697a1e12"

[[package]]
name = "git_dep"
version = "0.1.0"
dependencies = [
 "bytes",
]
