# This file is automatically @generated by Cargo.
# It is not intended for manual editing.
version = 3

[[package]]
name = "build1"
version = "0.1.0"

[[package]]
name = "dep1"
version = "0.1.0"

[[package]]
name = "dependencies_with_explicit_version"
version = "0.1.0"
dependencies = [
 "build1",
 "dep1",
 "dev1",
]

[[package]]
name = "dev1"
version = "0.1.0"
